<?xml version="1.0" encoding="utf-8"?>
<Project ToolsVersion="4.0" xmlns="http://schemas.microsoft.com/developer/msbuild/2003">
  <ItemGroup>
    <ClCompile Include="log.cpp" />
    <ClCompile Include="Utils.cpp" />
    <ClCompile Include="YGConfig.cpp" />
    <ClCompile Include="YGEnums.cpp" />
    <ClCompile Include="YGLayout.cpp" />
    <ClCompile Include="YGNode.cpp" />
    <ClCompile Include="YGNodePrint.cpp" />
    <ClCompile Include="YGStyle.cpp" />
    <ClCompile Include="YGValue.cpp" />
    <ClCompile Include="Yoga.cpp" />
    <ClCompile Include="event\event.cpp" />
    <ClCompile Include="internal\experiments.cpp" />
  </ItemGroup>
  <ItemGroup>
    <ClInclude Include="CompactValue.h" />
    <ClInclude Include="log.h" />
    <ClInclude Include="Utils.h" />
    <ClInclude Include="YGConfig.h" />
    <ClInclude Include="YGEnums.h" />
    <ClInclude Include="YGFloatOptional.h" />
    <ClInclude Include="YGLayout.h" />
    <ClInclude Include="YGMacros.h" />
    <ClInclude Include="YGNode.h" />
    <ClInclude Include="YGNodePrint.h" />
    <ClInclude Include="YGStyle.h" />
    <ClInclude Include="YGValue.h" />
    <ClInclude Include="Yoga-internal.h" />
    <ClInclude Include="Yoga.h" />
    <ClInclude Include="event\event.h" />
    <ClInclude Include="internal\experiments.h" />
    <ClInclude Include="internal\experiments-inl.h" />
    <ClInclude Include="BitUtils.h" />
  </ItemGroup>
</Project>